
Microsoft Visual Studio Solution File, Format Version 12.00
# Visual Studio 15
VisualStudioVersion = 15.0.28307.572
MinimumVisualStudioVersion = 10.0.40219.1
Project("{2150E333-8FDC-42A3-9474-1A3956D46DE8}") = "UnitTestingMocking", "UnitTestingMocking", "{2752B763-CEB0-40F5-98BF-020C9427C0D6}"
EndProject
Project("{2150E333-8FDC-42A3-9474-1A3956D46DE8}") = "REST", "REST", "{21BA62ED-AAB5-46AF-8F45-CAE1ACE9286C}"
EndProject
Project("{FAE04EC0-301F-11D3-BF4B-00C04F79EFBC}") = "TestWebAPI", "REST\TestWebAPI\TestWebAPI.csproj", "{036A3EF4-A728-4EBE-91F5-8DDDE13659A9}"
EndProject
Project("{2150E333-8FDC-42A3-9474-1A3956D46DE8}") = "Logging", "Logging", "{39D75199-DE14-4F7B-8557-FE3B2C235BF8}"
EndProject
Project("{2150E333-8FDC-42A3-9474-1A3956D46DE8}") = "Databases", "Databases", "{CDA29429-790C-4C9B-9D3A-E3E1324B9FAB}"
EndProject
Project("{2150E333-8FDC-42A3-9474-1A3956D46DE8}") = "DesktopGUI", "DesktopGUI", "{4490BB3D-B0A3-4775-83B5-E973A81BA4CF}"
EndProject
Project("{2150E333-8FDC-42A3-9474-1A3956D46DE8}") = "UnitTesting", "UnitTesting", "{A84A15E4-AF97-4021-92F7-646C4A6E76DE}"
EndProject
Project("{2150E333-8FDC-42A3-9474-1A3956D46DE8}") = "Web", "Web", "{DAB9F594-A002-4D4B-B6CC-D6878AB986DC}"
EndProject
Project("{2150E333-8FDC-42A3-9474-1A3956D46DE8}") = "Moq", "Moq", "{26C010E5-5110-4C6E-9067-8AE409A456EB}"
EndProject
Project("{FAE04EC0-301F-11D3-BF4B-00C04F79EFBC}") = "Store", "UnitTestingMocking\Moq\Moq-StoreSample\StoreSample\Source\Store.csproj", "{BDF061BD-AD85-4BE6-9661-C24504896633}"
EndProject
Project("{FAE04EC0-301F-11D3-BF4B-00C04F79EFBC}") = "Store.Tests", "UnitTestingMocking\Moq\Moq-StoreSample\StoreSample\UnitTests\Store.Tests.csproj", "{ACA76E67-0611-4415-927D-64FFB9C462A5}"
EndProject
Project("{FAE04EC0-301F-11D3-BF4B-00C04F79EFBC}") = "TestModel", "UnitTestingMocking\Moq\TestModel\TestModel.csproj", "{874139C3-2A59-4978-8332-18B89FD50F06}"
EndProject
Project("{FAE04EC0-301F-11D3-BF4B-00C04F79EFBC}") = "TestModel_Tests", "UnitTestingMocking\Moq\TestModel_Tests\TestModel_Tests.csproj", "{F4D25E34-B683-49C4-9AE8-35D4F66135B5}"
EndProject
Project("{2150E333-8FDC-42A3-9474-1A3956D46DE8}") = "WPF", "WPF", "{FDFD7087-E015-4040-958A-5C8F88AEDE5A}"
EndProject
Project("{FAE04EC0-301F-11D3-BF4B-00C04F79EFBC}") = "TestingWPF", "DesktopGUI\WPF\TestingWPF\TestingWPF.csproj", "{4B9D21FE-57F7-44E4-9344-A3C3049051A0}"
EndProject
Project("{FAE04EC0-301F-11D3-BF4B-00C04F79EFBC}") = "TestTreeViewWithControls", "DesktopGUI\WPF\TestTreeViewWithControls\TestTreeViewWithControls.csproj", "{4A09887E-C1A9-4A6B-9936-FB4A5FEB43B8}"
EndProject
Project("{2150E333-8FDC-42A3-9474-1A3956D46DE8}") = "NHibernate", "NHibernate", "{04385267-D460-4C1B-A313-53D91723A558}"
EndProject
Project("{FAE04EC0-301F-11D3-BF4B-00C04F79EFBC}") = "NHibernateTestProject", "Databases\NHibernate\NHibernateTestProject\NHibernateTestProject.csproj", "{6CEF2235-9817-42CD-98B8-80ACD4CAD913}"
EndProject
Project("{FAE04EC0-301F-11D3-BF4B-00C04F79EFBC}") = "NHibernateTestProject.DAL", "Databases\NHibernate\NHibernateTestProject.DAL\NHibernateTestProject.DAL.csproj", "{0AD271EC-88D5-4509-954B-CF03A585A77E}"
EndProject
Project("{FAE04EC0-301F-11D3-BF4B-00C04F79EFBC}") = "NHibernateTestProject.Model", "Databases\NHibernate\NHibernateTestProject.Model\NHibernateTestProject.Model.csproj", "{E94B7D4F-34BB-4207-9C8E-19F9D300DF75}"
EndProject
Project("{2150E333-8FDC-42A3-9474-1A3956D46DE8}") = "WindowsForms", "WindowsForms", "{B6258F3C-5CD6-45CE-B572-03C55781B16D}"
EndProject
Project("{FAE04EC0-301F-11D3-BF4B-00C04F79EFBC}") = "TestListViewMultiExpenditure", "DesktopGUI\WindowsForms\TestListViewMultiExpenditure\TestListViewMultiExpenditure.csproj", "{0DDF8C73-7488-4240-A26E-C7C66DC44A71}"
EndProject
Global
	GlobalSection(SolutionConfigurationPlatforms) = preSolution
		Debug|Any CPU = Debug|Any CPU
		Debug|x86 = Debug|x86
		Release|Any CPU = Release|Any CPU
		Release|x86 = Release|x86
	EndGlobalSection
	GlobalSection(ProjectConfigurationPlatforms) = postSolution
		{036A3EF4-A728-4EBE-91F5-8DDDE13659A9}.Debug|Any CPU.ActiveCfg = Debug|Any CPU
		{036A3EF4-A728-4EBE-91F5-8DDDE13659A9}.Debug|Any CPU.Build.0 = Debug|Any CPU
		{036A3EF4-A728-4EBE-91F5-8DDDE13659A9}.Debug|x86.ActiveCfg = Debug|Any CPU
		{036A3EF4-A728-4EBE-91F5-8DDDE13659A9}.Debug|x86.Build.0 = Debug|Any CPU
		{036A3EF4-A728-4EBE-91F5-8DDDE13659A9}.Release|Any CPU.ActiveCfg = Release|Any CPU
		{036A3EF4-A728-4EBE-91F5-8DDDE13659A9}.Release|Any CPU.Build.0 = Release|Any CPU
		{036A3EF4-A728-4EBE-91F5-8DDDE13659A9}.Release|x86.ActiveCfg = Release|Any CPU
		{036A3EF4-A728-4EBE-91F5-8DDDE13659A9}.Release|x86.Build.0 = Release|Any CPU
		{BDF061BD-AD85-4BE6-9661-C24504896633}.Debug|Any CPU.ActiveCfg = Debug|Any CPU
		{BDF061BD-AD85-4BE6-9661-C24504896633}.Debug|Any CPU.Build.0 = Debug|Any CPU
		{BDF061BD-AD85-4BE6-9661-C24504896633}.Debug|x86.ActiveCfg = Debug|Any CPU
		{BDF061BD-AD85-4BE6-9661-C24504896633}.Debug|x86.Build.0 = Debug|Any CPU
		{BDF061BD-AD85-4BE6-9661-C24504896633}.Release|Any CPU.ActiveCfg = Release|Any CPU
		{BDF061BD-AD85-4BE6-9661-C24504896633}.Release|Any CPU.Build.0 = Release|Any CPU
		{BDF061BD-AD85-4BE6-9661-C24504896633}.Release|x86.ActiveCfg = Release|Any CPU
		{BDF061BD-AD85-4BE6-9661-C24504896633}.Release|x86.Build.0 = Release|Any CPU
		{ACA76E67-0611-4415-927D-64FFB9C462A5}.Debug|Any CPU.ActiveCfg = Debug|Any CPU
		{ACA76E67-0611-4415-927D-64FFB9C462A5}.Debug|Any CPU.Build.0 = Debug|Any CPU
		{ACA76E67-0611-4415-927D-64FFB9C462A5}.Debug|x86.ActiveCfg = Debug|Any CPU
		{ACA76E67-0611-4415-927D-64FFB9C462A5}.Debug|x86.Build.0 = Debug|Any CPU
		{ACA76E67-0611-4415-927D-64FFB9C462A5}.Release|Any CPU.ActiveCfg = Release|Any CPU
		{ACA76E67-0611-4415-927D-64FFB9C462A5}.Release|Any CPU.Build.0 = Release|Any CPU
		{ACA76E67-0611-4415-927D-64FFB9C462A5}.Release|x86.ActiveCfg = Release|Any CPU
		{ACA76E67-0611-4415-927D-64FFB9C462A5}.Release|x86.Build.0 = Release|Any CPU
		{874139C3-2A59-4978-8332-18B89FD50F06}.Debug|Any CPU.ActiveCfg = Debug|Any CPU
		{874139C3-2A59-4978-8332-18B89FD50F06}.Debug|Any CPU.Build.0 = Debug|Any CPU
		{874139C3-2A59-4978-8332-18B89FD50F06}.Debug|x86.ActiveCfg = Debug|Any CPU
		{874139C3-2A59-4978-8332-18B89FD50F06}.Debug|x86.Build.0 = Debug|Any CPU
		{874139C3-2A59-4978-8332-18B89FD50F06}.Release|Any CPU.ActiveCfg = Release|Any CPU
		{874139C3-2A59-4978-8332-18B89FD50F06}.Release|Any CPU.Build.0 = Release|Any CPU
		{874139C3-2A59-4978-8332-18B89FD50F06}.Release|x86.ActiveCfg = Release|Any CPU
		{874139C3-2A59-4978-8332-18B89FD50F06}.Release|x86.Build.0 = Release|Any CPU
		{F4D25E34-B683-49C4-9AE8-35D4F66135B5}.Debug|Any CPU.ActiveCfg = Debug|Any CPU
		{F4D25E34-B683-49C4-9AE8-35D4F66135B5}.Debug|Any CPU.Build.0 = Debug|Any CPU
		{F4D25E34-B683-49C4-9AE8-35D4F66135B5}.Debug|x86.ActiveCfg = Debug|Any CPU
		{F4D25E34-B683-49C4-9AE8-35D4F66135B5}.Debug|x86.Build.0 = Debug|Any CPU
		{F4D25E34-B683-49C4-9AE8-35D4F66135B5}.Release|Any CPU.ActiveCfg = Release|Any CPU
		{F4D25E34-B683-49C4-9AE8-35D4F66135B5}.Release|Any CPU.Build.0 = Release|Any CPU
		{F4D25E34-B683-49C4-9AE8-35D4F66135B5}.Release|x86.ActiveCfg = Release|Any CPU
		{F4D25E34-B683-49C4-9AE8-35D4F66135B5}.Release|x86.Build.0 = Release|Any CPU
		{4B9D21FE-57F7-44E4-9344-A3C3049051A0}.Debug|Any CPU.ActiveCfg = Debug|Any CPU
		{4B9D21FE-57F7-44E4-9344-A3C3049051A0}.Debug|Any CPU.Build.0 = Debug|Any CPU
		{4B9D21FE-57F7-44E4-9344-A3C3049051A0}.Debug|x86.ActiveCfg = Debug|Any CPU
		{4B9D21FE-57F7-44E4-9344-A3C3049051A0}.Debug|x86.Build.0 = Debug|Any CPU
		{4B9D21FE-57F7-44E4-9344-A3C3049051A0}.Release|Any CPU.ActiveCfg = Release|Any CPU
		{4B9D21FE-57F7-44E4-9344-A3C3049051A0}.Release|Any CPU.Build.0 = Release|Any CPU
		{4B9D21FE-57F7-44E4-9344-A3C3049051A0}.Release|x86.ActiveCfg = Release|Any CPU
		{4B9D21FE-57F7-44E4-9344-A3C3049051A0}.Release|x86.Build.0 = Release|Any CPU
		{4A09887E-C1A9-4A6B-9936-FB4A5FEB43B8}.Debug|Any CPU.ActiveCfg = Debug|Any CPU
		{4A09887E-C1A9-4A6B-9936-FB4A5FEB43B8}.Debug|Any CPU.Build.0 = Debug|Any CPU
		{4A09887E-C1A9-4A6B-9936-FB4A5FEB43B8}.Debug|x86.ActiveCfg = Debug|Any CPU
		{4A09887E-C1A9-4A6B-9936-FB4A5FEB43B8}.Debug|x86.Build.0 = Debug|Any CPU
		{4A09887E-C1A9-4A6B-9936-FB4A5FEB43B8}.Release|Any CPU.ActiveCfg = Release|Any CPU
		{4A09887E-C1A9-4A6B-9936-FB4A5FEB43B8}.Release|Any CPU.Build.0 = Release|Any CPU
		{4A09887E-C1A9-4A6B-9936-FB4A5FEB43B8}.Release|x86.ActiveCfg = Release|Any CPU
		{4A09887E-C1A9-4A6B-9936-FB4A5FEB43B8}.Release|x86.Build.0 = Release|Any CPU
		{6CEF2235-9817-42CD-98B8-80ACD4CAD913}.Debug|Any CPU.ActiveCfg = Debug|Any CPU
		{6CEF2235-9817-42CD-98B8-80ACD4CAD913}.Debug|Any CPU.Build.0 = Debug|Any CPU
		{6CEF2235-9817-42CD-98B8-80ACD4CAD913}.Debug|x86.ActiveCfg = Debug|Any CPU
		{6CEF2235-9817-42CD-98B8-80ACD4CAD913}.Debug|x86.Build.0 = Debug|Any CPU
		{6CEF2235-9817-42CD-98B8-80ACD4CAD913}.Release|Any CPU.ActiveCfg = Release|Any CPU
		{6CEF2235-9817-42CD-98B8-80ACD4CAD913}.Release|Any CPU.Build.0 = Release|Any CPU
		{6CEF2235-9817-42CD-98B8-80ACD4CAD913}.Release|x86.ActiveCfg = Release|Any CPU
		{6CEF2235-9817-42CD-98B8-80ACD4CAD913}.Release|x86.Build.0 = Release|Any CPU
		{0AD271EC-88D5-4509-954B-CF03A585A77E}.Debug|Any CPU.ActiveCfg = Debug|Any CPU
		{0AD271EC-88D5-4509-954B-CF03A585A77E}.Debug|Any CPU.Build.0 = Debug|Any CPU
		{0AD271EC-88D5-4509-954B-CF03A585A77E}.Debug|x86.ActiveCfg = Debug|Any CPU
		{0AD271EC-88D5-4509-954B-CF03A585A77E}.Debug|x86.Build.0 = Debug|Any CPU
		{0AD271EC-88D5-4509-954B-CF03A585A77E}.Release|Any CPU.ActiveCfg = Release|Any CPU
		{0AD271EC-88D5-4509-954B-CF03A585A77E}.Release|Any CPU.Build.0 = Release|Any CPU
		{0AD271EC-88D5-4509-954B-CF03A585A77E}.Release|x86.ActiveCfg = Release|Any CPU
		{0AD271EC-88D5-4509-954B-CF03A585A77E}.Release|x86.Build.0 = Release|Any CPU
		{E94B7D4F-34BB-4207-9C8E-19F9D300DF75}.Debug|Any CPU.ActiveCfg = Debug|Any CPU
		{E94B7D4F-34BB-4207-9C8E-19F9D300DF75}.Debug|Any CPU.Build.0 = Debug|Any CPU
		{E94B7D4F-34BB-4207-9C8E-19F9D300DF75}.Debug|x86.ActiveCfg = Debug|Any CPU
		{E94B7D4F-34BB-4207-9C8E-19F9D300DF75}.Debug|x86.Build.0 = Debug|Any CPU
		{E94B7D4F-34BB-4207-9C8E-19F9D300DF75}.Release|Any CPU.ActiveCfg = Release|Any CPU
		{E94B7D4F-34BB-4207-9C8E-19F9D300DF75}.Release|Any CPU.Build.0 = Release|Any CPU
		{E94B7D4F-34BB-4207-9C8E-19F9D300DF75}.Release|x86.ActiveCfg = Release|Any CPU
		{E94B7D4F-34BB-4207-9C8E-19F9D300DF75}.Release|x86.Build.0 = Release|Any CPU
		{0DDF8C73-7488-4240-A26E-C7C66DC44A71}.Debug|Any CPU.ActiveCfg = Debug|Any CPU
		{0DDF8C73-7488-4240-A26E-C7C66DC44A71}.Debug|Any CPU.Build.0 = Debug|Any CPU
		{0DDF8C73-7488-4240-A26E-C7C66DC44A71}.Debug|x86.ActiveCfg = Debug|Any CPU
		{0DDF8C73-7488-4240-A26E-C7C66DC44A71}.Debug|x86.Build.0 = Debug|Any CPU
		{0DDF8C73-7488-4240-A26E-C7C66DC44A71}.Release|Any CPU.ActiveCfg = Release|Any CPU
		{0DDF8C73-7488-4240-A26E-C7C66DC44A71}.Release|Any CPU.Build.0 = Release|Any CPU
		{0DDF8C73-7488-4240-A26E-C7C66DC44A71}.Release|x86.ActiveCfg = Release|Any CPU
		{0DDF8C73-7488-4240-A26E-C7C66DC44A71}.Release|x86.Build.0 = Release|Any CPU
	EndGlobalSection
	GlobalSection(SolutionProperties) = preSolution
		HideSolutionNode = FALSE
	EndGlobalSection
	GlobalSection(NestedProjects) = preSolution
		{036A3EF4-A728-4EBE-91F5-8DDDE13659A9} = {21BA62ED-AAB5-46AF-8F45-CAE1ACE9286C}
		{26C010E5-5110-4C6E-9067-8AE409A456EB} = {2752B763-CEB0-40F5-98BF-020C9427C0D6}
		{BDF061BD-AD85-4BE6-9661-C24504896633} = {26C010E5-5110-4C6E-9067-8AE409A456EB}
		{ACA76E67-0611-4415-927D-64FFB9C462A5} = {26C010E5-5110-4C6E-9067-8AE409A456EB}
		{874139C3-2A59-4978-8332-18B89FD50F06} = {26C010E5-5110-4C6E-9067-8AE409A456EB}
		{F4D25E34-B683-49C4-9AE8-35D4F66135B5} = {26C010E5-5110-4C6E-9067-8AE409A456EB}
		{FDFD7087-E015-4040-958A-5C8F88AEDE5A} = {4490BB3D-B0A3-4775-83B5-E973A81BA4CF}
		{4B9D21FE-57F7-44E4-9344-A3C3049051A0} = {FDFD7087-E015-4040-958A-5C8F88AEDE5A}
		{4A09887E-C1A9-4A6B-9936-FB4A5FEB43B8} = {FDFD7087-E015-4040-958A-5C8F88AEDE5A}
		{04385267-D460-4C1B-A313-53D91723A558} = {CDA29429-790C-4C9B-9D3A-E3E1324B9FAB}
		{6CEF2235-9817-42CD-98B8-80ACD4CAD913} = {04385267-D460-4C1B-A313-53D91723A558}
		{0AD271EC-88D5-4509-954B-CF03A585A77E} = {04385267-D460-4C1B-A313-53D91723A558}
		{E94B7D4F-34BB-4207-9C8E-19F9D300DF75} = {04385267-D460-4C1B-A313-53D91723A558}
		{B6258F3C-5CD6-45CE-B572-03C55781B16D} = {4490BB3D-B0A3-4775-83B5-E973A81BA4CF}
		{0DDF8C73-7488-4240-A26E-C7C66DC44A71} = {B6258F3C-5CD6-45CE-B572-03C55781B16D}
	EndGlobalSection
	GlobalSection(ExtensibilityGlobals) = postSolution
		SolutionGuid = {D66AB904-00A3-481D-AF13-E6A0BEAC7A98}
	EndGlobalSection
EndGlobal
