
Microsoft Visual Studio Solution File, Format Version 12.00
# Visual Studio 14
VisualStudioVersion = 14.0.25420.1
MinimumVisualStudioVersion = 10.0.40219.1
Project("{2150E333-8FDC-42A3-9474-1A3956D46DE8}") = "C++ REST", "C++ REST", "{B130C8C2-4C63-414B-A6E9-2F2855BB069A}"
EndProject
Project("{8BC9CEB8-8B4A-11D0-8D11-00A0C91BC942}") = "BasicTest", "CppREST\BasicTest\BasicTest.vcxproj", "{31ABB716-A0BC-4538-9271-0CC2A564BC58}"
EndProject
Project("{8BC9CEB8-8B4A-11D0-8D11-00A0C91BC942}") = "Download", "CppREST\Download\Download.vcxproj", "{A1AA184B-8BB8-4131-B574-AB465490DA86}"
EndProject
Project("{2150E333-8FDC-42A3-9474-1A3956D46DE8}") = "WPF", "WPF", "{9E9AC6A3-ADBB-414F-A07F-9B36A8AD8E2A}"
EndProject
Project("{2150E333-8FDC-42A3-9474-1A3956D46DE8}") = "MockingFrameworks", "MockingFrameworks", "{2752B763-CEB0-40F5-98BF-020C9427C0D6}"
EndProject
Project("{FAE04EC0-301F-11D3-BF4B-00C04F79EFBC}") = "TestingWPF", "WPF\TestingWPF\TestingWPF.csproj", "{4B9D21FE-57F7-44E4-9344-A3C3049051A0}"
EndProject
Project("{FAE04EC0-301F-11D3-BF4B-00C04F79EFBC}") = "TestTreeViewWithControls", "WPF\TestTreeViewWithControls\TestTreeViewWithControls.csproj", "{4A09887E-C1A9-4A6B-9936-FB4A5FEB43B8}"
EndProject
Project("{2150E333-8FDC-42A3-9474-1A3956D46DE8}") = "Moq", "Moq", "{E6DEE03D-AABA-4500-A30D-E54B7E487310}"
EndProject
Project("{FAE04EC0-301F-11D3-BF4B-00C04F79EFBC}") = "Store", "MockingFrameworks\Moq\Moq-StoreSample\StoreSample\Source\Store.csproj", "{BDF061BD-AD85-4BE6-9661-C24504896633}"
EndProject
Project("{FAE04EC0-301F-11D3-BF4B-00C04F79EFBC}") = "Store.Tests", "MockingFrameworks\Moq\Moq-StoreSample\StoreSample\UnitTests\Store.Tests.csproj", "{ACA76E67-0611-4415-927D-64FFB9C462A5}"
EndProject
Project("{FAE04EC0-301F-11D3-BF4B-00C04F79EFBC}") = "TestModel", "MockingFrameworks\Moq\TestModel\TestModel.csproj", "{874139C3-2A59-4978-8332-18B89FD50F06}"
EndProject
Project("{FAE04EC0-301F-11D3-BF4B-00C04F79EFBC}") = "TestModel_Tests", "MockingFrameworks\Moq\TestModel_Tests\TestModel_Tests.csproj", "{F4D25E34-B683-49C4-9AE8-35D4F66135B5}"
EndProject
Global
	GlobalSection(SolutionConfigurationPlatforms) = preSolution
		Debug|Any CPU = Debug|Any CPU
		Debug|x86 = Debug|x86
		Release|Any CPU = Release|Any CPU
		Release|x86 = Release|x86
	EndGlobalSection
	GlobalSection(ProjectConfigurationPlatforms) = postSolution
		{31ABB716-A0BC-4538-9271-0CC2A564BC58}.Debug|Any CPU.ActiveCfg = Debug|Win32
		{31ABB716-A0BC-4538-9271-0CC2A564BC58}.Debug|x86.ActiveCfg = Debug|Win32
		{31ABB716-A0BC-4538-9271-0CC2A564BC58}.Debug|x86.Build.0 = Debug|Win32
		{31ABB716-A0BC-4538-9271-0CC2A564BC58}.Release|Any CPU.ActiveCfg = Release|Win32
		{31ABB716-A0BC-4538-9271-0CC2A564BC58}.Release|x86.ActiveCfg = Release|Win32
		{31ABB716-A0BC-4538-9271-0CC2A564BC58}.Release|x86.Build.0 = Release|Win32
		{A1AA184B-8BB8-4131-B574-AB465490DA86}.Debug|Any CPU.ActiveCfg = Debug|Win32
		{A1AA184B-8BB8-4131-B574-AB465490DA86}.Debug|x86.ActiveCfg = Debug|Win32
		{A1AA184B-8BB8-4131-B574-AB465490DA86}.Debug|x86.Build.0 = Debug|Win32
		{A1AA184B-8BB8-4131-B574-AB465490DA86}.Release|Any CPU.ActiveCfg = Release|Win32
		{A1AA184B-8BB8-4131-B574-AB465490DA86}.Release|x86.ActiveCfg = Release|Win32
		{A1AA184B-8BB8-4131-B574-AB465490DA86}.Release|x86.Build.0 = Release|Win32
		{4B9D21FE-57F7-44E4-9344-A3C3049051A0}.Debug|Any CPU.ActiveCfg = Debug|Any CPU
		{4B9D21FE-57F7-44E4-9344-A3C3049051A0}.Debug|Any CPU.Build.0 = Debug|Any CPU
		{4B9D21FE-57F7-44E4-9344-A3C3049051A0}.Debug|x86.ActiveCfg = Debug|Any CPU
		{4B9D21FE-57F7-44E4-9344-A3C3049051A0}.Debug|x86.Build.0 = Debug|Any CPU
		{4B9D21FE-57F7-44E4-9344-A3C3049051A0}.Release|Any CPU.ActiveCfg = Release|Any CPU
		{4B9D21FE-57F7-44E4-9344-A3C3049051A0}.Release|Any CPU.Build.0 = Release|Any CPU
		{4B9D21FE-57F7-44E4-9344-A3C3049051A0}.Release|x86.ActiveCfg = Release|Any CPU
		{4B9D21FE-57F7-44E4-9344-A3C3049051A0}.Release|x86.Build.0 = Release|Any CPU
		{4A09887E-C1A9-4A6B-9936-FB4A5FEB43B8}.Debug|Any CPU.ActiveCfg = Debug|Any CPU
		{4A09887E-C1A9-4A6B-9936-FB4A5FEB43B8}.Debug|Any CPU.Build.0 = Debug|Any CPU
		{4A09887E-C1A9-4A6B-9936-FB4A5FEB43B8}.Debug|x86.ActiveCfg = Debug|Any CPU
		{4A09887E-C1A9-4A6B-9936-FB4A5FEB43B8}.Debug|x86.Build.0 = Debug|Any CPU
		{4A09887E-C1A9-4A6B-9936-FB4A5FEB43B8}.Release|Any CPU.ActiveCfg = Release|Any CPU
		{4A09887E-C1A9-4A6B-9936-FB4A5FEB43B8}.Release|Any CPU.Build.0 = Release|Any CPU
		{4A09887E-C1A9-4A6B-9936-FB4A5FEB43B8}.Release|x86.ActiveCfg = Release|Any CPU
		{4A09887E-C1A9-4A6B-9936-FB4A5FEB43B8}.Release|x86.Build.0 = Release|Any CPU
		{BDF061BD-AD85-4BE6-9661-C24504896633}.Debug|Any CPU.ActiveCfg = Debug|Any CPU
		{BDF061BD-AD85-4BE6-9661-C24504896633}.Debug|Any CPU.Build.0 = Debug|Any CPU
		{BDF061BD-AD85-4BE6-9661-C24504896633}.Debug|x86.ActiveCfg = Debug|Any CPU
		{BDF061BD-AD85-4BE6-9661-C24504896633}.Debug|x86.Build.0 = Debug|Any CPU
		{BDF061BD-AD85-4BE6-9661-C24504896633}.Release|Any CPU.ActiveCfg = Release|Any CPU
		{BDF061BD-AD85-4BE6-9661-C24504896633}.Release|Any CPU.Build.0 = Release|Any CPU
		{BDF061BD-AD85-4BE6-9661-C24504896633}.Release|x86.ActiveCfg = Release|Any CPU
		{BDF061BD-AD85-4BE6-9661-C24504896633}.Release|x86.Build.0 = Release|Any CPU
		{ACA76E67-0611-4415-927D-64FFB9C462A5}.Debug|Any CPU.ActiveCfg = Debug|Any CPU
		{ACA76E67-0611-4415-927D-64FFB9C462A5}.Debug|Any CPU.Build.0 = Debug|Any CPU
		{ACA76E67-0611-4415-927D-64FFB9C462A5}.Debug|x86.ActiveCfg = Debug|Any CPU
		{ACA76E67-0611-4415-927D-64FFB9C462A5}.Debug|x86.Build.0 = Debug|Any CPU
		{ACA76E67-0611-4415-927D-64FFB9C462A5}.Release|Any CPU.ActiveCfg = Release|Any CPU
		{ACA76E67-0611-4415-927D-64FFB9C462A5}.Release|Any CPU.Build.0 = Release|Any CPU
		{ACA76E67-0611-4415-927D-64FFB9C462A5}.Release|x86.ActiveCfg = Release|Any CPU
		{ACA76E67-0611-4415-927D-64FFB9C462A5}.Release|x86.Build.0 = Release|Any CPU
		{874139C3-2A59-4978-8332-18B89FD50F06}.Debug|Any CPU.ActiveCfg = Debug|Any CPU
		{874139C3-2A59-4978-8332-18B89FD50F06}.Debug|Any CPU.Build.0 = Debug|Any CPU
		{874139C3-2A59-4978-8332-18B89FD50F06}.Debug|x86.ActiveCfg = Debug|Any CPU
		{874139C3-2A59-4978-8332-18B89FD50F06}.Debug|x86.Build.0 = Debug|Any CPU
		{874139C3-2A59-4978-8332-18B89FD50F06}.Release|Any CPU.ActiveCfg = Release|Any CPU
		{874139C3-2A59-4978-8332-18B89FD50F06}.Release|Any CPU.Build.0 = Release|Any CPU
		{874139C3-2A59-4978-8332-18B89FD50F06}.Release|x86.ActiveCfg = Release|Any CPU
		{874139C3-2A59-4978-8332-18B89FD50F06}.Release|x86.Build.0 = Release|Any CPU
		{F4D25E34-B683-49C4-9AE8-35D4F66135B5}.Debug|Any CPU.ActiveCfg = Debug|Any CPU
		{F4D25E34-B683-49C4-9AE8-35D4F66135B5}.Debug|Any CPU.Build.0 = Debug|Any CPU
		{F4D25E34-B683-49C4-9AE8-35D4F66135B5}.Debug|x86.ActiveCfg = Debug|Any CPU
		{F4D25E34-B683-49C4-9AE8-35D4F66135B5}.Debug|x86.Build.0 = Debug|Any CPU
		{F4D25E34-B683-49C4-9AE8-35D4F66135B5}.Release|Any CPU.ActiveCfg = Release|Any CPU
		{F4D25E34-B683-49C4-9AE8-35D4F66135B5}.Release|Any CPU.Build.0 = Release|Any CPU
		{F4D25E34-B683-49C4-9AE8-35D4F66135B5}.Release|x86.ActiveCfg = Release|Any CPU
		{F4D25E34-B683-49C4-9AE8-35D4F66135B5}.Release|x86.Build.0 = Release|Any CPU
	EndGlobalSection
	GlobalSection(SolutionProperties) = preSolution
		HideSolutionNode = FALSE
	EndGlobalSection
	GlobalSection(NestedProjects) = preSolution
		{31ABB716-A0BC-4538-9271-0CC2A564BC58} = {B130C8C2-4C63-414B-A6E9-2F2855BB069A}
		{A1AA184B-8BB8-4131-B574-AB465490DA86} = {B130C8C2-4C63-414B-A6E9-2F2855BB069A}
		{4B9D21FE-57F7-44E4-9344-A3C3049051A0} = {9E9AC6A3-ADBB-414F-A07F-9B36A8AD8E2A}
		{4A09887E-C1A9-4A6B-9936-FB4A5FEB43B8} = {9E9AC6A3-ADBB-414F-A07F-9B36A8AD8E2A}
		{E6DEE03D-AABA-4500-A30D-E54B7E487310} = {2752B763-CEB0-40F5-98BF-020C9427C0D6}
		{BDF061BD-AD85-4BE6-9661-C24504896633} = {E6DEE03D-AABA-4500-A30D-E54B7E487310}
		{ACA76E67-0611-4415-927D-64FFB9C462A5} = {E6DEE03D-AABA-4500-A30D-E54B7E487310}
		{874139C3-2A59-4978-8332-18B89FD50F06} = {E6DEE03D-AABA-4500-A30D-E54B7E487310}
		{F4D25E34-B683-49C4-9AE8-35D4F66135B5} = {E6DEE03D-AABA-4500-A30D-E54B7E487310}
	EndGlobalSection
EndGlobal
